
Microsoft Visual Studio Solution File, Format Version 12.00
# Visual Studio Version 17
VisualStudioVersion = 17.4.33213.308
MinimumVisualStudioVersion = 10.0.40219.1
Project("{FAE04EC0-301F-11D3-BF4B-00C04F79EFBC}") = "FlyingDutchmanAirlines", "FlyingDutchmanAirlines\FlyingDutchmanAirlines.csproj", "{E583857E-D419-464E-A420-E6CE01873F03}"
EndProject
Project("{FAE04EC0-301F-11D3-BF4B-00C04F79EFBC}") = "FlyingDutchmanAirlines_Tests", "FlyingDutchmanAirlines_Tests\FlyingDutchmanAirlines_Tests.csproj", "{5555BFF3-B2FE-4735-992C-4C8EBFDE96E9}"
EndProject
Global
	GlobalSection(SolutionConfigurationPlatforms) = preSolution
		Debug|Any CPU = Debug|Any CPU
		Release|Any CPU = Release|Any CPU
	EndGlobalSection
	GlobalSection(ProjectConfigurationPlatforms) = postSolution
		{E583857E-D419-464E-A420-E6CE01873F03}.Debug|Any CPU.ActiveCfg = Debug|Any CPU
		{E583857E-D419-464E-A420-E6CE01873F03}.Debug|Any CPU.Build.0 = Debug|Any CPU
		{E583857E-D419-464E-A420-E6CE01873F03}.Release|Any CPU.ActiveCfg = Release|Any CPU
		{E583857E-D419-464E-A420-E6CE01873F03}.Release|Any CPU.Build.0 = Release|Any CPU
		{5555BFF3-B2FE-4735-992C-4C8EBFDE96E9}.Debug|Any CPU.ActiveCfg = Debug|Any CPU
		{5555BFF3-B2FE-4735-992C-4C8EBFDE96E9}.Debug|Any CPU.Build.0 = Debug|Any CPU
		{5555BFF3-B2FE-4735-992C-4C8EBFDE96E9}.Release|Any CPU.ActiveCfg = Release|Any CPU
		{5555BFF3-B2FE-4735-992C-4C8EBFDE96E9}.Release|Any CPU.Build.0 = Release|Any CPU
	EndGlobalSection
	GlobalSection(SolutionProperties) = preSolution
		HideSolutionNode = FALSE
	EndGlobalSection
	GlobalSection(ExtensibilityGlobals) = postSolution
		SolutionGuid = {4BF7CEF5-702B-4B20-917E-44C496E5050F}
	EndGlobalSection
EndGlobal
